hash: e3b0c44298fc1c149afbf4c8996fb92427ae41e4649b934ca495991b7852b855
updated: 2015-12-14T17:50:22.625850989-08:00
imports:
- name: github.com/dchest/uniuri
  version: 53057c437f6ee51004d86e38f45be42273beff05
- name: github.com/garyburd/redigo
  version: 6ece6e0a09f28cc399b21550cbf37ab39ba63cce
  subpackages:
  - /redis
- name: github.com/tv42/base58
  version: b6649477bfe6276322b4eeaae8f5e947b49cec92
devImports: []
